
Microsoft Visual Studio Solution File, Format Version 12.00
# Visual Studio 15
VisualStudioVersion = 15.0.27703.2035
MinimumVisualStudioVersion = 10.0.40219.1
Project("{8BC9CEB8-8B4A-11D0-8D11-00A0C91BC942}") = "WinProj_0.50", "WinProj_0.50\WinProj_0.50.vcxproj", "{78187743-29AF-454D-B8AB-64EB7A31CC00}"
EndProject
Global
	GlobalSection(SolutionConfigurationPlatforms) = preSolution
		Debug|x64 = Debug|x64
		Debug|x86 = Debug|x86
		Release|x64 = Release|x64
		Release|x86 = Release|x86
	EndGlobalSection
	GlobalSection(ProjectConfigurationPlatforms) = postSolution
		{78187743-29AF-454D-B8AB-64EB7A31CC00}.Debug|x64.ActiveCfg = Debug|x64
		{78187743-29AF-454D-B8AB-64EB7A31CC00}.Debug|x64.Build.0 = Debug|x64
		{78187743-29AF-454D-B8AB-64EB7A31CC00}.Debug|x86.ActiveCfg = Debug|Win32
		{78187743-29AF-454D-B8AB-64EB7A31CC00}.Debug|x86.Build.0 = Debug|Win32
		{78187743-29AF-454D-B8AB-64EB7A31CC00}.Release|x64.ActiveCfg = Release|x64
		{78187743-29AF-454D-B8AB-64EB7A31CC00}.Release|x64.Build.0 = Release|x64
		{78187743-29AF-454D-B8AB-64EB7A31CC00}.Release|x86.ActiveCfg = Release|Win32
		{78187743-29AF-454D-B8AB-64EB7A31CC00}.Release|x86.Build.0 = Release|Win32
	EndGlobalSection
	GlobalSection(SolutionProperties) = preSolution
		HideSolutionNode = FALSE
	EndGlobalSection
	GlobalSection(ExtensibilityGlobals) = postSolution
		SolutionGuid = {6AC98C6B-FFE5-48BA-BFB3-800635F22585}
	EndGlobalSection
EndGlobal
