
Microsoft Visual Studio Solution File, Format Version 12.00
# Visual Studio 15
VisualStudioVersion = 15.0.27703.2035
MinimumVisualStudioVersion = 10.0.40219.1
Project("{8BC9CEB8-8B4A-11D0-8D11-00A0C91BC942}") = "WinProj_0.7", "WinProj_0.7\WinProj_0.7.vcxproj", "{0FC969D8-3D02-442F-841D-99C494879FDA}"
EndProject
Global
	GlobalSection(SolutionConfigurationPlatforms) = preSolution
		Debug|x64 = Debug|x64
		Debug|x86 = Debug|x86
		Release|x64 = Release|x64
		Release|x86 = Release|x86
	EndGlobalSection
	GlobalSection(ProjectConfigurationPlatforms) = postSolution
		{0FC969D8-3D02-442F-841D-99C494879FDA}.Debug|x64.ActiveCfg = Debug|x64
		{0FC969D8-3D02-442F-841D-99C494879FDA}.Debug|x64.Build.0 = Debug|x64
		{0FC969D8-3D02-442F-841D-99C494879FDA}.Debug|x86.ActiveCfg = Debug|Win32
		{0FC969D8-3D02-442F-841D-99C494879FDA}.Debug|x86.Build.0 = Debug|Win32
		{0FC969D8-3D02-442F-841D-99C494879FDA}.Release|x64.ActiveCfg = Release|x64
		{0FC969D8-3D02-442F-841D-99C494879FDA}.Release|x64.Build.0 = Release|x64
		{0FC969D8-3D02-442F-841D-99C494879FDA}.Release|x86.ActiveCfg = Release|Win32
		{0FC969D8-3D02-442F-841D-99C494879FDA}.Release|x86.Build.0 = Release|Win32
	EndGlobalSection
	GlobalSection(SolutionProperties) = preSolution
		HideSolutionNode = FALSE
	EndGlobalSection
	GlobalSection(ExtensibilityGlobals) = postSolution
		SolutionGuid = {21F1190B-5E2C-4BAD-89C6-B454BD1541CC}
	EndGlobalSection
EndGlobal
